
Microsoft Visual Studio Solution File, Format Version 12.00
# Visual Studio Version 16
VisualStudioVersion = 16.0.30011.22
MinimumVisualStudioVersion = 10.0.40219.1
Project("{FAE04EC0-301F-11D3-BF4B-00C04F79EFBC}") = "ConnectingApps.TestDemo", "ConnectingApps.TestDemo\ConnectingApps.TestDemo.csproj", "{D3AB5D12-45E2-441F-B0EE-648F44243CA5}"
EndProject
Project("{FAE04EC0-301F-11D3-BF4B-00C04F79EFBC}") = "ConnectingApps.IntegrationTests", "ConnectingApps.IntegrationTests\ConnectingApps.IntegrationTests.csproj", "{9803E81C-74E6-46BE-8009-774CFC627174}"
EndProject
Global
	GlobalSection(SolutionConfigurationPlatforms) = preSolution
		Debug|Any CPU = Debug|Any CPU
		Release|Any CPU = Release|Any CPU
	EndGlobalSection
	GlobalSection(ProjectConfigurationPlatforms) = postSolution
		{D3AB5D12-45E2-441F-B0EE-648F44243CA5}.Debug|Any CPU.ActiveCfg = Debug|Any CPU
		{D3AB5D12-45E2-441F-B0EE-648F44243CA5}.Debug|Any CPU.Build.0 = Debug|Any CPU
		{D3AB5D12-45E2-441F-B0EE-648F44243CA5}.Release|Any CPU.ActiveCfg = Release|Any CPU
		{D3AB5D12-45E2-441F-B0EE-648F44243CA5}.Release|Any CPU.Build.0 = Release|Any CPU
		{9803E81C-74E6-46BE-8009-774CFC627174}.Debug|Any CPU.ActiveCfg = Debug|Any CPU
		{9803E81C-74E6-46BE-8009-774CFC627174}.Debug|Any CPU.Build.0 = Debug|Any CPU
		{9803E81C-74E6-46BE-8009-774CFC627174}.Release|Any CPU.ActiveCfg = Release|Any CPU
		{9803E81C-74E6-46BE-8009-774CFC627174}.Release|Any CPU.Build.0 = Release|Any CPU
	EndGlobalSection
	GlobalSection(SolutionProperties) = preSolution
		HideSolutionNode = FALSE
	EndGlobalSection
	GlobalSection(ExtensibilityGlobals) = postSolution
		SolutionGuid = {A7D0BC69-CEA1-40BB-90D6-5448C5280D2F}
	EndGlobalSection
EndGlobal
